{
  "name": "insomnia-plugin-github-theme",
  "version": "1.2.5",
  "lockfileVersion": 2,
  "requires": true,
  "packages": {
    "": {
      "name": "insomnia-plugin-github-theme",
      "version": "1.2.5",
      "license": "MIT",
      "dependencies": {
        "@primer/primitives": "^8.1.0",
        "chroma-js": "^2.4.2"
      }
    },
    "node_modules/@primer/primitives": {
      "version": "8.1.0",
      "resolved": "https://registry.npmjs.org/@primer/primitives/-/primitives-8.1.0.tgz",
      "integrity": "sha512-WixqDhIJHmQJD82JMmSwM9/LGkrA3HxNUgkkm4xubUY68il2ny7xYw5Jk8W2MwjTOyHHQ3hg9JaNV+BqVJ7N5A=="
    },
    "node_modules/chroma-js": {
      "version": "2.4.2",
      "resolved": "https://registry.npmjs.org/chroma-js/-/chroma-js-2.4.2.tgz",
      "integrity": "sha512-U9eDw6+wt7V8z5NncY2jJfZa+hUH8XEj8FQHgFJTrUFnJfXYf4Ml4adI2vXZOjqRDpFWtYVWypDfZwnJ+HIR4A=="
    }
  },
  "dependencies": {
    "@primer/primitives": {
      "version": "8.1.0",
      "resolved": "https://registry.npmjs.org/@primer/primitives/-/primitives-8.1.0.tgz",
      "integrity": "sha512-WixqDhIJHmQJD82JMmSwM9/LGkrA3HxNUgkkm4xubUY68il2ny7xYw5Jk8W2MwjTOyHHQ3hg9JaNV+BqVJ7N5A=="
    },
    "chroma-js": {
      "version": "2.4.2",
      "resolved": "https://registry.npmjs.org/chroma-js/-/chroma-js-2.4.2.tgz",
      "integrity": "sha512-U9eDw6+wt7V8z5NncY2jJfZa+hUH8XEj8FQHgFJTrUFnJfXYf4Ml4adI2vXZOjqRDpFWtYVWypDfZwnJ+HIR4A=="
    }
  }
}
