{
  "name": "insomnia-plugin-github-theme",
  "version": "1.2.5",
  "lockfileVersion": 2,
  "requires": true,
  "packages": {
    "": {
      "name": "insomnia-plugin-github-theme",
      "version": "1.2.5",
      "license": "MIT",
      "dependencies": {
        "@primer/primitives": "^7.14.0",
        "chroma-js": "^2.4.2"
      }
    },
    "node_modules/@primer/primitives": {
      "version": "7.15.15",
      "resolved": "https://registry.npmjs.org/@primer/primitives/-/primitives-7.15.15.tgz",
      "integrity": "sha512-K9fPgKVBtdmBMl+lHKUK4ctsRf+DUUKdJYEHnFhkua71m9FORK16ycJ4gHDpc4g/0xgNvEwQ9/ArsV1i8w3ZmQ=="
    },
    "node_modules/chroma-js": {
      "version": "2.4.2",
      "resolved": "https://registry.npmjs.org/chroma-js/-/chroma-js-2.4.2.tgz",
      "integrity": "sha512-U9eDw6+wt7V8z5NncY2jJfZa+hUH8XEj8FQHgFJTrUFnJfXYf4Ml4adI2vXZOjqRDpFWtYVWypDfZwnJ+HIR4A=="
    }
  },
  "dependencies": {
    "@primer/primitives": {
      "version": "7.15.15",
      "resolved": "https://registry.npmjs.org/@primer/primitives/-/primitives-7.15.15.tgz",
      "integrity": "sha512-K9fPgKVBtdmBMl+lHKUK4ctsRf+DUUKdJYEHnFhkua71m9FORK16ycJ4gHDpc4g/0xgNvEwQ9/ArsV1i8w3ZmQ=="
    },
    "chroma-js": {
      "version": "2.4.2",
      "resolved": "https://registry.npmjs.org/chroma-js/-/chroma-js-2.4.2.tgz",
      "integrity": "sha512-U9eDw6+wt7V8z5NncY2jJfZa+hUH8XEj8FQHgFJTrUFnJfXYf4Ml4adI2vXZOjqRDpFWtYVWypDfZwnJ+HIR4A=="
    }
  }
}
